
Microsoft Visual Studio Solution File, Format Version 10.00
# Visual Studio 2008
Project("{FAE04EC0-301F-11D3-BF4B-00C04F79EFBC}") = "MtmOR", "MtmOR\MtmOR.csproj", "{3947703E-F8AA-4F2A-98DD-7626AEA58A40}"
EndProject
Global
	GlobalSection(SolutionConfigurationPlatforms) = preSolution
		Debug|Any CPU = Debug|Any CPU
		Release|Any CPU = Release|Any CPU
	EndGlobalSection
	GlobalSection(ProjectConfigurationPlatforms) = postSolution
		{3947703E-F8AA-4F2A-98DD-7626AEA58A40}.Debug|Any CPU.ActiveCfg = Debug|Any CPU
		{3947703E-F8AA-4F2A-98DD-7626AEA58A40}.Debug|Any CPU.Build.0 = Debug|Any CPU
		{3947703E-F8AA-4F2A-98DD-7626AEA58A40}.Release|Any CPU.ActiveCfg = Release|Any CPU
		{3947703E-F8AA-4F2A-98DD-7626AEA58A40}.Release|Any CPU.Build.0 = Release|Any CPU
	EndGlobalSection
	GlobalSection(SolutionProperties) = preSolution
		HideSolutionNode = FALSE
	EndGlobalSection
EndGlobal
